// !$*UTF8*$!
{
	archiveVersion = 1;
	classes = {
	};
	objectVersion = 56;
	objects = {

/* Begin PBXBuildFile section */
		A00000000000000000000601 /* TrackIRUserSpaceProbe.mm in Sources */ = {isa = PBXBuildFile; fileRef = A00000000000000000000302 /* TrackIRUserSpaceProbe.mm */; };
		A00000000000000000000602 /* TrackIRUSBTransport.mm in Sources */ = {isa = PBXBuildFile; fileRef = A00000000000000000000305 /* TrackIRUSBTransport.mm */; };
		A00000000000000000000607 /* Foundation.framework in Frameworks */ = {isa = PBXBuildFile; fileRef = A00000000000000000000503 /* Foundation.framework */; };
		A00000000000000000000608 /* IOKit.framework in Frameworks */ = {isa = PBXBuildFile; fileRef = A00000000000000000000504 /* IOKit.framework */; };
		A00000000000000000000609 /* IOUSBHost.framework in Frameworks */ = {isa = PBXBuildFile; fileRef = A00000000000000000000508 /* IOUSBHost.framework */; };
/* End PBXBuildFile section */

/* Begin PBXFileReference section */
		A00000000000000000000302 /* TrackIRUserSpaceProbe.mm */ = {isa = PBXFileReference; lastKnownFileType = sourcecode.cpp.objcpp; path = TrackIRUserSpaceProbe.mm; sourceTree = "<group>"; };
		A00000000000000000000303 /* TrackIRUSB.h */ = {isa = PBXFileReference; lastKnownFileType = sourcecode.c.h; path = TrackIRUSB.h; sourceTree = "<group>"; };
		A00000000000000000000304 /* TrackIRUSBTransport.h */ = {isa = PBXFileReference; lastKnownFileType = sourcecode.c.h; path = TrackIRUSBTransport.h; sourceTree = "<group>"; };
		A00000000000000000000305 /* TrackIRUSBTransport.mm */ = {isa = PBXFileReference; lastKnownFileType = sourcecode.cpp.objcpp; path = TrackIRUSBTransport.mm; sourceTree = "<group>"; };
		A00000000000000000000403 /* TrackIRUserSpaceProbe */ = {isa = PBXFileReference; explicitFileType = wrapper.tool; includeInIndex = 0; path = TrackIRUserSpaceProbe; sourceTree = BUILT_PRODUCTS_DIR; };
		A00000000000000000000503 /* Foundation.framework */ = {isa = PBXFileReference; lastKnownFileType = wrapper.framework; name = Foundation.framework; path = System/Library/Frameworks/Foundation.framework; sourceTree = SDKROOT; };
		A00000000000000000000504 /* IOKit.framework */ = {isa = PBXFileReference; lastKnownFileType = wrapper.framework; name = IOKit.framework; path = System/Library/Frameworks/IOKit.framework; sourceTree = SDKROOT; };
		A00000000000000000000508 /* IOUSBHost.framework */ = {isa = PBXFileReference; lastKnownFileType = wrapper.framework; name = IOUSBHost.framework; path = System/Library/Frameworks/IOUSBHost.framework; sourceTree = SDKROOT; };
/* End PBXFileReference section */

/* Begin PBXFrameworksBuildPhase section */
		A00000000000000000000D02 /* Frameworks */ = {
			isa = PBXFrameworksBuildPhase;
			buildActionMask = 2147483647;
			files = (
				A00000000000000000000609 /* IOUSBHost.framework in Frameworks */,
				A00000000000000000000608 /* IOKit.framework in Frameworks */,
				A00000000000000000000607 /* Foundation.framework in Frameworks */,
			);
			runOnlyForDeploymentPostprocessing = 0;
		};
/* End PBXFrameworksBuildPhase section */

/* Begin PBXGroup section */
		A00000000000000000000002 = {
			isa = PBXGroup;
			children = (
				A00000000000000000000009 /* TrackIRUserSpace */,
				A00000000000000000000004 /* Frameworks */,
				A00000000000000000000003 /* Products */,
			);
			sourceTree = "<group>";
		};
		A00000000000000000000003 /* Products */ = {
			isa = PBXGroup;
			children = (
				A00000000000000000000403 /* TrackIRUserSpaceProbe */,
			);
			name = Products;
			sourceTree = "<group>";
		};
		A00000000000000000000004 /* Frameworks */ = {
			isa = PBXGroup;
			children = (
				A00000000000000000000504 /* IOKit.framework */,
				A00000000000000000000503 /* Foundation.framework */,
				A00000000000000000000508 /* IOUSBHost.framework */,
			);
			name = Frameworks;
			sourceTree = "<group>";
		};
		A00000000000000000000009 /* TrackIRUserSpace */ = {
			isa = PBXGroup;
			children = (
				A00000000000000000000302 /* TrackIRUserSpaceProbe.mm */,
				A00000000000000000000303 /* TrackIRUSB.h */,
				A00000000000000000000304 /* TrackIRUSBTransport.h */,
				A00000000000000000000305 /* TrackIRUSBTransport.mm */,
			);
			path = TrackIRUserSpace;
			sourceTree = "<group>";
		};
/* End PBXGroup section */

/* Begin PBXNativeTarget section */
		A00000000000000000000805 /* TrackIRUserSpaceProbe */ = {
			isa = PBXNativeTarget;
			buildConfigurationList = A00000000000000000000C31 /* Build configuration list for PBXNativeTarget "TrackIRUserSpaceProbe" */;
			buildPhases = (
				A00000000000000000000D01 /* Sources */,
				A00000000000000000000D02 /* Frameworks */,
				A00000000000000000000D03 /* Resources */,
			);
			buildRules = (
			);
			dependencies = (
			);
			name = TrackIRUserSpaceProbe;
			productName = TrackIRUserSpaceProbe;
			productReference = A00000000000000000000403 /* TrackIRUserSpaceProbe */;
			productType = "com.apple.product-type.tool";
		};
/* End PBXNativeTarget section */

/* Begin PBXProject section */
		A00000000000000000000001 /* Project object */ = {
			isa = PBXProject;
			attributes = {
				BuildIndependentTargetsInParallel = 1;
				LastUpgradeCheck = 1600;
				TargetAttributes = {
					A00000000000000000000805 = {
						CreatedOnToolsVersion = 16.0;
					};
				};
			};
			buildConfigurationList = A00000000000000000000C01 /* Build configuration list for PBXProject "LinuxTrackXIR" */;
			compatibilityVersion = "Xcode 14.0";
			developmentRegion = en;
			hasScannedForEncodings = 0;
			knownRegions = (
				en,
				Base,
			);
			mainGroup = A00000000000000000000002;
			productRefGroup = A00000000000000000000003 /* Products */;
			projectDirPath = "";
			projectRoot = "";
			targets = (
				A00000000000000000000805 /* TrackIRUserSpaceProbe */,
			);
		};
/* End PBXProject section */

/* Begin PBXResourcesBuildPhase section */
		A00000000000000000000D03 /* Resources */ = {
			isa = PBXResourcesBuildPhase;
			buildActionMask = 2147483647;
			files = (
			);
			runOnlyForDeploymentPostprocessing = 0;
		};
/* End PBXResourcesBuildPhase section */

/* Begin PBXSourcesBuildPhase section */
		A00000000000000000000D01 /* Sources */ = {
			isa = PBXSourcesBuildPhase;
			buildActionMask = 2147483647;
			files = (
				A00000000000000000000601 /* TrackIRUserSpaceProbe.mm in Sources */,
				A00000000000000000000602 /* TrackIRUSBTransport.mm in Sources */,
			);
			runOnlyForDeploymentPostprocessing = 0;
		};
/* End PBXSourcesBuildPhase section */

/* Begin XCBuildConfiguration section */
		A00000000000000000000B01 /* Debug */ = {
			isa = XCBuildConfiguration;
			buildSettings = {
				CLANG_CXX_LANGUAGE_STANDARD = "gnu++17";
				CLANG_ENABLE_MODULES = YES;
				GCC_C_LANGUAGE_STANDARD = gnu11;
				MACOSX_DEPLOYMENT_TARGET = 10.15;
				SDKROOT = macosx;
			};
			name = Debug;
		};
		A00000000000000000000B02 /* Release */ = {
			isa = XCBuildConfiguration;
			buildSettings = {
				CLANG_CXX_LANGUAGE_STANDARD = "gnu++17";
				CLANG_ENABLE_MODULES = YES;
				GCC_C_LANGUAGE_STANDARD = gnu11;
				MACOSX_DEPLOYMENT_TARGET = 10.15;
				SDKROOT = macosx;
			};
			name = Release;
		};
		A00000000000000000000B31 /* Debug */ = {
			isa = XCBuildConfiguration;
			buildSettings = {
				CLANG_CXX_LANGUAGE_STANDARD = "gnu++17";
				CLANG_ENABLE_MODULES = YES;
				CLANG_ENABLE_OBJC_ARC = YES;
				CLANG_ENABLE_OBJC_EXCEPTIONS = YES;
				CURRENT_PROJECT_VERSION = 1;
				HEADER_SEARCH_PATHS = (
					"$(SRCROOT)/TrackIRUserSpace",
				);
				MACOSX_DEPLOYMENT_TARGET = 10.15;
				PRODUCT_BUNDLE_IDENTIFIER = org.linuxtrackxir.TrackIRUserSpaceProbe;
				PRODUCT_NAME = TrackIRUserSpaceProbe;
				SDKROOT = macosx;
				SKIP_INSTALL = NO;
				SUPPORTED_PLATFORMS = macosx;
			};
			name = Debug;
		};
		A00000000000000000000B32 /* Release */ = {
			isa = XCBuildConfiguration;
			buildSettings = {
				CLANG_CXX_LANGUAGE_STANDARD = "gnu++17";
				CLANG_ENABLE_MODULES = YES;
				CLANG_ENABLE_OBJC_ARC = YES;
				CLANG_ENABLE_OBJC_EXCEPTIONS = YES;
				CURRENT_PROJECT_VERSION = 1;
				HEADER_SEARCH_PATHS = (
					"$(SRCROOT)/TrackIRUserSpace",
				);
				MACOSX_DEPLOYMENT_TARGET = 10.15;
				PRODUCT_BUNDLE_IDENTIFIER = org.linuxtrackxir.TrackIRUserSpaceProbe;
				PRODUCT_NAME = TrackIRUserSpaceProbe;
				SDKROOT = macosx;
				SKIP_INSTALL = NO;
				SUPPORTED_PLATFORMS = macosx;
			};
			name = Release;
		};
/* End XCBuildConfiguration section */

/* Begin XCConfigurationList section */
		A00000000000000000000C01 /* Build configuration list for PBXProject "LinuxTrackXIR" */ = {
			isa = XCConfigurationList;
			buildConfigurations = (
				A00000000000000000000B01 /* Debug */,
				A00000000000000000000B02 /* Release */,
			);
			defaultConfigurationIsVisible = 0;
			defaultConfigurationName = Release;
		};
		A00000000000000000000C31 /* Build configuration list for PBXNativeTarget "TrackIRUserSpaceProbe" */ = {
			isa = XCConfigurationList;
			buildConfigurations = (
				A00000000000000000000B31 /* Debug */,
				A00000000000000000000B32 /* Release */,
			);
			defaultConfigurationIsVisible = 0;
			defaultConfigurationName = Release;
		};
/* End XCConfigurationList section */
	};
	rootObject = A00000000000000000000001 /* Project object */;
}
